{
  "name": "@borderlessjs/example",
  "version": "0.0.1",
  "lockfileVersion": 2,
  "requires": true,
  "packages": {
    "": {
      "name": "@borderlessjs/example",
      "version": "0.0.1",
      "license": "ISC"
    },
    "../babel-plugin": {
      "name": "@borderlessjs/babel-plugin",
      "version": "0.0.1",
      "extraneous": true,
      "license": "ISC"
    }
  }
}
